
Microsoft Visual Studio Solution File, Format Version 12.00
# Visual Studio Version 16
VisualStudioVersion = 16.0.31129.286
MinimumVisualStudioVersion = 10.0.40219.1
Project("{9A19103F-16F7-4668-BE54-9A1E7A4F7556}") = "CookBookNetApi", "CookBookNetApi\CookBookNetApi.csproj", "{3B34D2A1-F4D4-4BBB-8DA2-5FF554785CCF}"
EndProject
Project("{9A19103F-16F7-4668-BE54-9A1E7A4F7556}") = "CookBookNet.Domain", "CookBookNet.Domain\CookBookNet.Domain.csproj", "{501D9AB0-3BBF-4C03-9760-8A25DC9A0DB8}"
EndProject
Project("{FAE04EC0-301F-11D3-BF4B-00C04F79EFBC}") = "CookBookNet.Infrastructure", "CookBookNet.Infrastructure\CookBookNet.Infrastructure.csproj", "{8347DCEC-5C0B-40AD-B54A-72C4FFB1FB1C}"
EndProject
Global
	GlobalSection(SolutionConfigurationPlatforms) = preSolution
		Debug|Any CPU = Debug|Any CPU
		Release|Any CPU = Release|Any CPU
	EndGlobalSection
	GlobalSection(ProjectConfigurationPlatforms) = postSolution
		{3B34D2A1-F4D4-4BBB-8DA2-5FF554785CCF}.Debug|Any CPU.ActiveCfg = Debug|Any CPU
		{3B34D2A1-F4D4-4BBB-8DA2-5FF554785CCF}.Debug|Any CPU.Build.0 = Debug|Any CPU
		{3B34D2A1-F4D4-4BBB-8DA2-5FF554785CCF}.Release|Any CPU.ActiveCfg = Release|Any CPU
		{3B34D2A1-F4D4-4BBB-8DA2-5FF554785CCF}.Release|Any CPU.Build.0 = Release|Any CPU
		{501D9AB0-3BBF-4C03-9760-8A25DC9A0DB8}.Debug|Any CPU.ActiveCfg = Debug|Any CPU
		{501D9AB0-3BBF-4C03-9760-8A25DC9A0DB8}.Debug|Any CPU.Build.0 = Debug|Any CPU
		{501D9AB0-3BBF-4C03-9760-8A25DC9A0DB8}.Release|Any CPU.ActiveCfg = Release|Any CPU
		{501D9AB0-3BBF-4C03-9760-8A25DC9A0DB8}.Release|Any CPU.Build.0 = Release|Any CPU
		{8347DCEC-5C0B-40AD-B54A-72C4FFB1FB1C}.Debug|Any CPU.ActiveCfg = Debug|Any CPU
		{8347DCEC-5C0B-40AD-B54A-72C4FFB1FB1C}.Debug|Any CPU.Build.0 = Debug|Any CPU
		{8347DCEC-5C0B-40AD-B54A-72C4FFB1FB1C}.Release|Any CPU.ActiveCfg = Release|Any CPU
		{8347DCEC-5C0B-40AD-B54A-72C4FFB1FB1C}.Release|Any CPU.Build.0 = Release|Any CPU
	EndGlobalSection
	GlobalSection(SolutionProperties) = preSolution
		HideSolutionNode = FALSE
	EndGlobalSection
	GlobalSection(ExtensibilityGlobals) = postSolution
		SolutionGuid = {0FE9A34D-5206-47F0-B211-223C360948C8}
	EndGlobalSection
EndGlobal
